
Microsoft Visual Studio Solution File, Format Version 12.00
# Visual Studio Version 16
VisualStudioVersion = 16.0.33328.57
MinimumVisualStudioVersion = 10.0.40219.1
Project("{FAE04EC0-301F-11D3-BF4B-00C04F79EFBC}") = "MultiThread2", "MultiThread2\MultiThread2.csproj", "{32A7110A-BC0D-4D21-AF86-B6BF946ABB29}"
EndProject
Global
	GlobalSection(SolutionConfigurationPlatforms) = preSolution
		Debug|Any CPU = Debug|Any CPU
		Release|Any CPU = Release|Any CPU
	EndGlobalSection
	GlobalSection(ProjectConfigurationPlatforms) = postSolution
		{32A7110A-BC0D-4D21-AF86-B6BF946ABB29}.Debug|Any CPU.ActiveCfg = Debug|Any CPU
		{32A7110A-BC0D-4D21-AF86-B6BF946ABB29}.Debug|Any CPU.Build.0 = Debug|Any CPU
		{32A7110A-BC0D-4D21-AF86-B6BF946ABB29}.Release|Any CPU.ActiveCfg = Release|Any CPU
		{32A7110A-BC0D-4D21-AF86-B6BF946ABB29}.Release|Any CPU.Build.0 = Release|Any CPU
	EndGlobalSection
	GlobalSection(SolutionProperties) = preSolution
		HideSolutionNode = FALSE
	EndGlobalSection
	GlobalSection(ExtensibilityGlobals) = postSolution
		SolutionGuid = {F0567021-A3DD-4359-B7C9-E8F9230197CB}
	EndGlobalSection
EndGlobal
